
Microsoft Visual Studio Solution File, Format Version 12.00
# Visual Studio Version 16
VisualStudioVersion = 16.0.809.9
MinimumVisualStudioVersion = 10.0.40219.1
Project("{FAE04EC0-301F-11D3-BF4B-00C04F79EFBC}") = "Appzmonster.IO.Tests", "src\Appzmonster.IO.Tests\Appzmonster.IO.Tests.csproj", "{29E3B425-1B37-4E6F-9747-CC1DCEEFB784}"
EndProject
Project("{FAE04EC0-301F-11D3-BF4B-00C04F79EFBC}") = "Appzmonster.IO", "src\Appzmonster.IO\Appzmonster.IO.csproj", "{BEA318AB-010D-4A88-BDDF-4372803ACE27}"
EndProject
Project("{2150E333-8FDC-42A3-9474-1A3956D46DE8}") = "Solution Items", "Solution Items", "{68936328-9276-43D6-8AF6-AAA60821D178}"
	ProjectSection(SolutionItems) = preProject
		LICENSE = LICENSE
		CHANGELOG.md = CHANGELOG.md
		.gitignore = .gitignore
	EndProjectSection
EndProject
Global
	GlobalSection(SolutionConfigurationPlatforms) = preSolution
		Debug|Any CPU = Debug|Any CPU
		Release|Any CPU = Release|Any CPU
	EndGlobalSection
	GlobalSection(ProjectConfigurationPlatforms) = postSolution
		{29E3B425-1B37-4E6F-9747-CC1DCEEFB784}.Debug|Any CPU.ActiveCfg = Debug|Any CPU
		{29E3B425-1B37-4E6F-9747-CC1DCEEFB784}.Debug|Any CPU.Build.0 = Debug|Any CPU
		{29E3B425-1B37-4E6F-9747-CC1DCEEFB784}.Release|Any CPU.ActiveCfg = Release|Any CPU
		{29E3B425-1B37-4E6F-9747-CC1DCEEFB784}.Release|Any CPU.Build.0 = Release|Any CPU
		{BEA318AB-010D-4A88-BDDF-4372803ACE27}.Debug|Any CPU.ActiveCfg = Debug|Any CPU
		{BEA318AB-010D-4A88-BDDF-4372803ACE27}.Debug|Any CPU.Build.0 = Debug|Any CPU
		{BEA318AB-010D-4A88-BDDF-4372803ACE27}.Release|Any CPU.ActiveCfg = Release|Any CPU
		{BEA318AB-010D-4A88-BDDF-4372803ACE27}.Release|Any CPU.Build.0 = Release|Any CPU
	EndGlobalSection
	GlobalSection(SolutionProperties) = preSolution
		HideSolutionNode = FALSE
	EndGlobalSection
	GlobalSection(ExtensibilityGlobals) = postSolution
		SolutionGuid = {F478B654-3B2D-4D86-BECA-15E9DAC73D6E}
	EndGlobalSection
EndGlobal
